hash: 1c5f337372312591803626a6e8c60ff35b45c9fcdf7a6765117305f8a8951517
updated: 2017-10-31T16:14:44.538659814+08:00
imports:
- name: github.com/andybalholm/cascadia
  version: 349dd0209470eabd9514242c688c403c0926d266
- name: github.com/go-redis/redis
  version: 35248155a505a84811be81a2aab1c423317447be
  subpackages:
  - internal
  - internal/consistenthash
  - internal/hashtag
  - internal/pool
  - internal/proto
- name: github.com/PuerkitoBio/fetchbot
  version: 61eb5a10440a8313c73a7ff88602380872bff2ce
- name: github.com/PuerkitoBio/goquery
  version: e1271ee34c6a305e38566ecd27ae374944907ee9
- name: github.com/temoto/robotstxt-go
  version: 9e4646fa705336d5b2fa9dddfafbe0a1a965acd7
- name: golang.org/x/net
  version: 1087133bc4af3073e18add999345c6ae75918503
  subpackages:
  - html
  - html/atom
- name: golang.org/x/text
  version: c01e4764d870b77f8abe5096ee19ad20d80e8075
  subpackages:
  - encoding
  - encoding/internal
  - encoding/internal/identifier
  - encoding/traditionalchinese
  - transform
  - unicode/norm
- name: gopkg.in/mgo.v2
  version: 3f83fa5005286a7fe593b055f0d7771a7dce4655
  subpackages:
  - bson
  - internal/json
  - internal/sasl
  - internal/scram
testImports: []
